
Microsoft Visual Studio Solution File, Format Version 12.00
# Visual Studio Version 16
VisualStudioVersion = 16.0.32126.315
MinimumVisualStudioVersion = 10.0.40219.1
Project("{FAE04EC0-301F-11D3-BF4B-00C04F79EFBC}") = "CustomerPro", "CustomerPro.csproj", "{36861116-D68B-4129-B3FE-91C8470A2867}"
EndProject
Global
	GlobalSection(SolutionConfigurationPlatforms) = preSolution
		Debug|Any CPU = Debug|Any CPU
		Release|Any CPU = Release|Any CPU
	EndGlobalSection
	GlobalSection(ProjectConfigurationPlatforms) = postSolution
		{36861116-D68B-4129-B3FE-91C8470A2867}.Debug|Any CPU.ActiveCfg = Debug|Any CPU
		{36861116-D68B-4129-B3FE-91C8470A2867}.Debug|Any CPU.Build.0 = Debug|Any CPU
		{36861116-D68B-4129-B3FE-91C8470A2867}.Release|Any CPU.ActiveCfg = Release|Any CPU
		{36861116-D68B-4129-B3FE-91C8470A2867}.Release|Any CPU.Build.0 = Release|Any CPU
	EndGlobalSection
	GlobalSection(SolutionProperties) = preSolution
		HideSolutionNode = FALSE
	EndGlobalSection
	GlobalSection(ExtensibilityGlobals) = postSolution
		SolutionGuid = {A2C9F9FD-10E2-4DC6-B4C3-C439C56B245A}
	EndGlobalSection
EndGlobal
